
Microsoft Visual Studio Solution File, Format Version 12.00
# Visual Studio Version 17
VisualStudioVersion = 17.12.35527.113 d17.12
MinimumVisualStudioVersion = 10.0.40219.1
Project("{FAE04EC0-301F-11D3-BF4B-00C04F79EFBC}") = "Ch03-Bootstrap", "Ch03-Bootstrap.csproj", "{C02D8B1D-791A-4718-9B2C-27AA679B577D}"
EndProject
Global
	GlobalSection(SolutionConfigurationPlatforms) = preSolution
		Debug|Any CPU = Debug|Any CPU
		Release|Any CPU = Release|Any CPU
	EndGlobalSection
	GlobalSection(ProjectConfigurationPlatforms) = postSolution
		{C02D8B1D-791A-4718-9B2C-27AA679B577D}.Debug|Any CPU.ActiveCfg = Debug|Any CPU
		{C02D8B1D-791A-4718-9B2C-27AA679B577D}.Debug|Any CPU.Build.0 = Debug|Any CPU
		{C02D8B1D-791A-4718-9B2C-27AA679B577D}.Release|Any CPU.ActiveCfg = Release|Any CPU
		{C02D8B1D-791A-4718-9B2C-27AA679B577D}.Release|Any CPU.Build.0 = Release|Any CPU
	EndGlobalSection
	GlobalSection(SolutionProperties) = preSolution
		HideSolutionNode = FALSE
	EndGlobalSection
EndGlobal
